// !$*UTF8*$!
{
	archiveVersion = 1;
	classes = {
	};
	objectVersion = 56;
	objects = {

/* Begin PBXBuildFile section */
		6409BAA02A99007A00E5A3F4 /* NewsViewController.swift in Sources */ = {isa = PBXBuildFile; fileRef = 6409BA9F2A99007A00E5A3F4 /* NewsViewController.swift */; };
		6409BAA22A99191100E5A3F4 /* SearchViewController.swift in Sources */ = {isa = PBXBuildFile; fileRef = 6409BAA12A99191100E5A3F4 /* SearchViewController.swift */; };
		64D25F2E2A977D0B005159ED /* SnapKit in Frameworks */ = {isa = PBXBuildFile; productRef = 64D25F2D2A977D0B005159ED /* SnapKit */; };
		64D25F312A9783F9005159ED /* Alamofire in Frameworks */ = {isa = PBXBuildFile; productRef = 64D25F302A9783F9005159ED /* Alamofire */; };
		64D25F342A978BD5005159ED /* SDWebImage in Frameworks */ = {isa = PBXBuildFile; productRef = 64D25F332A978BD5005159ED /* SDWebImage */; };
		64E2DB762A9678F0006FBF0D /* AppDelegate.swift in Sources */ = {isa = PBXBuildFile; fileRef = 64E2DB752A9678F0006FBF0D /* AppDelegate.swift */; };
		64E2DB782A9678F0006FBF0D /* SceneDelegate.swift in Sources */ = {isa = PBXBuildFile; fileRef = 64E2DB772A9678F0006FBF0D /* SceneDelegate.swift */; };
		64E2DB7A2A9678F0006FBF0D /* NewsFeedViewController.swift in Sources */ = {isa = PBXBuildFile; fileRef = 64E2DB792A9678F0006FBF0D /* NewsFeedViewController.swift */; };
		64E2DB7F2A9678F2006FBF0D /* Assets.xcassets in Resources */ = {isa = PBXBuildFile; fileRef = 64E2DB7E2A9678F2006FBF0D /* Assets.xcassets */; };
		64E2DB822A9678F2006FBF0D /* LaunchScreen.storyboard in Resources */ = {isa = PBXBuildFile; fileRef = 64E2DB802A9678F2006FBF0D /* LaunchScreen.storyboard */; };
		64E2DB8D2A9681C9006FBF0D /* UIColor + Extension.swift in Sources */ = {isa = PBXBuildFile; fileRef = 64E2DB8C2A9681C9006FBF0D /* UIColor + Extension.swift */; };
		64E2DB902A968321006FBF0D /* NewsCell.swift in Sources */ = {isa = PBXBuildFile; fileRef = 64E2DB8F2A968321006FBF0D /* NewsCell.swift */; };
		64E2DB962A9684CB006FBF0D /* NewsModel.swift in Sources */ = {isa = PBXBuildFile; fileRef = 64E2DB952A9684CB006FBF0D /* NewsModel.swift */; };
		64E2DB992A96860B006FBF0D /* FetchManager.swift in Sources */ = {isa = PBXBuildFile; fileRef = 64E2DB982A96860B006FBF0D /* FetchManager.swift */; };
/* End PBXBuildFile section */

/* Begin PBXFileReference section */
		6409BA9F2A99007A00E5A3F4 /* NewsViewController.swift */ = {isa = PBXFileReference; lastKnownFileType = sourcecode.swift; path = NewsViewController.swift; sourceTree = "<group>"; };
		6409BAA12A99191100E5A3F4 /* SearchViewController.swift */ = {isa = PBXFileReference; lastKnownFileType = sourcecode.swift; path = SearchViewController.swift; sourceTree = "<group>"; };
		64D25F362A97A90C005159ED /* Lora-Italic-VariableFont_wght.ttf */ = {isa = PBXFileReference; lastKnownFileType = file; path = "Lora-Italic-VariableFont_wght.ttf"; sourceTree = "<group>"; };
		64E2DB722A9678F0006FBF0D /* NewsApp.app */ = {isa = PBXFileReference; explicitFileType = wrapper.application; includeInIndex = 0; path = NewsApp.app; sourceTree = BUILT_PRODUCTS_DIR; };
		64E2DB752A9678F0006FBF0D /* AppDelegate.swift */ = {isa = PBXFileReference; lastKnownFileType = sourcecode.swift; path = AppDelegate.swift; sourceTree = "<group>"; };
		64E2DB772A9678F0006FBF0D /* SceneDelegate.swift */ = {isa = PBXFileReference; lastKnownFileType = sourcecode.swift; path = SceneDelegate.swift; sourceTree = "<group>"; };
		64E2DB792A9678F0006FBF0D /* NewsFeedViewController.swift */ = {isa = PBXFileReference; lastKnownFileType = sourcecode.swift; path = NewsFeedViewController.swift; sourceTree = "<group>"; };
		64E2DB7E2A9678F2006FBF0D /* Assets.xcassets */ = {isa = PBXFileReference; lastKnownFileType = folder.assetcatalog; path = Assets.xcassets; sourceTree = "<group>"; };
		64E2DB812A9678F2006FBF0D /* Base */ = {isa = PBXFileReference; lastKnownFileType = file.storyboard; name = Base; path = Base.lproj/LaunchScreen.storyboard; sourceTree = "<group>"; };
		64E2DB832A9678F2006FBF0D /* Info.plist */ = {isa = PBXFileReference; lastKnownFileType = text.plist.xml; path = Info.plist; sourceTree = "<group>"; };
		64E2DB8C2A9681C9006FBF0D /* UIColor + Extension.swift */ = {isa = PBXFileReference; lastKnownFileType = sourcecode.swift; path = "UIColor + Extension.swift"; sourceTree = "<group>"; };
		64E2DB8F2A968321006FBF0D /* NewsCell.swift */ = {isa = PBXFileReference; lastKnownFileType = sourcecode.swift; path = NewsCell.swift; sourceTree = "<group>"; };
		64E2DB952A9684CB006FBF0D /* NewsModel.swift */ = {isa = PBXFileReference; lastKnownFileType = sourcecode.swift; path = NewsModel.swift; sourceTree = "<group>"; };
		64E2DB982A96860B006FBF0D /* FetchManager.swift */ = {isa = PBXFileReference; lastKnownFileType = sourcecode.swift; path = FetchManager.swift; sourceTree = "<group>"; };
/* End PBXFileReference section */

/* Begin PBXFrameworksBuildPhase section */
		64E2DB6F2A9678F0006FBF0D /* Frameworks */ = {
			isa = PBXFrameworksBuildPhase;
			buildActionMask = 2147483647;
			files = (
				64D25F342A978BD5005159ED /* SDWebImage in Frameworks */,
				64D25F2E2A977D0B005159ED /* SnapKit in Frameworks */,
				64D25F312A9783F9005159ED /* Alamofire in Frameworks */,
			);
			runOnlyForDeploymentPostprocessing = 0;
		};
/* End PBXFrameworksBuildPhase section */

/* Begin PBXGroup section */
		64D25F352A97A8F7005159ED /* Fonts */ = {
			isa = PBXGroup;
			children = (
				64D25F362A97A90C005159ED /* Lora-Italic-VariableFont_wght.ttf */,
			);
			path = Fonts;
			sourceTree = "<group>";
		};
		64E2DB692A9678F0006FBF0D = {
			isa = PBXGroup;
			children = (
				64E2DB742A9678F0006FBF0D /* NewsApp */,
				64E2DB732A9678F0006FBF0D /* Products */,
			);
			sourceTree = "<group>";
		};
		64E2DB732A9678F0006FBF0D /* Products */ = {
			isa = PBXGroup;
			children = (
				64E2DB722A9678F0006FBF0D /* NewsApp.app */,
			);
			name = Products;
			sourceTree = "<group>";
		};
		64E2DB742A9678F0006FBF0D /* NewsApp */ = {
			isa = PBXGroup;
			children = (
				64E2DB8A2A96819B006FBF0D /* Applicaton */,
				64E2DB972A9685E3006FBF0D /* Networking */,
				64E2DB942A9684B9006FBF0D /* Models */,
				64E2DB8E2A96830B006FBF0D /* Views */,
				64E2DB8B2A9681AD006FBF0D /* ViewControllers */,
				64E2DB892A96818A006FBF0D /* Extensions */,
				64E2DB7E2A9678F2006FBF0D /* Assets.xcassets */,
				64E2DB802A9678F2006FBF0D /* LaunchScreen.storyboard */,
				64E2DB832A9678F2006FBF0D /* Info.plist */,
			);
			path = NewsApp;
			sourceTree = "<group>";
		};
		64E2DB892A96818A006FBF0D /* Extensions */ = {
			isa = PBXGroup;
			children = (
				64E2DB8C2A9681C9006FBF0D /* UIColor + Extension.swift */,
				64D25F352A97A8F7005159ED /* Fonts */,
			);
			path = Extensions;
			sourceTree = "<group>";
		};
		64E2DB8A2A96819B006FBF0D /* Applicaton */ = {
			isa = PBXGroup;
			children = (
				64E2DB752A9678F0006FBF0D /* AppDelegate.swift */,
				64E2DB772A9678F0006FBF0D /* SceneDelegate.swift */,
			);
			path = Applicaton;
			sourceTree = "<group>";
		};
		64E2DB8B2A9681AD006FBF0D /* ViewControllers */ = {
			isa = PBXGroup;
			children = (
				64E2DB792A9678F0006FBF0D /* NewsFeedViewController.swift */,
				6409BA9F2A99007A00E5A3F4 /* NewsViewController.swift */,
				6409BAA12A99191100E5A3F4 /* SearchViewController.swift */,
			);
			path = ViewControllers;
			sourceTree = "<group>";
		};
		64E2DB8E2A96830B006FBF0D /* Views */ = {
			isa = PBXGroup;
			children = (
				64E2DB8F2A968321006FBF0D /* NewsCell.swift */,
			);
			path = Views;
			sourceTree = "<group>";
		};
		64E2DB942A9684B9006FBF0D /* Models */ = {
			isa = PBXGroup;
			children = (
				64E2DB952A9684CB006FBF0D /* NewsModel.swift */,
			);
			path = Models;
			sourceTree = "<group>";
		};
		64E2DB972A9685E3006FBF0D /* Networking */ = {
			isa = PBXGroup;
			children = (
				64E2DB982A96860B006FBF0D /* FetchManager.swift */,
			);
			path = Networking;
			sourceTree = "<group>";
		};
/* End PBXGroup section */

/* Begin PBXNativeTarget section */
		64E2DB712A9678F0006FBF0D /* NewsApp */ = {
			isa = PBXNativeTarget;
			buildConfigurationList = 64E2DB862A9678F2006FBF0D /* Build configuration list for PBXNativeTarget "NewsApp" */;
			buildPhases = (
				64E2DB6E2A9678F0006FBF0D /* Sources */,
				64E2DB6F2A9678F0006FBF0D /* Frameworks */,
				64E2DB702A9678F0006FBF0D /* Resources */,
			);
			buildRules = (
			);
			dependencies = (
			);
			name = NewsApp;
			packageProductDependencies = (
				64D25F2D2A977D0B005159ED /* SnapKit */,
				64D25F302A9783F9005159ED /* Alamofire */,
				64D25F332A978BD5005159ED /* SDWebImage */,
			);
			productName = NewsApp;
			productReference = 64E2DB722A9678F0006FBF0D /* NewsApp.app */;
			productType = "com.apple.product-type.application";
		};
/* End PBXNativeTarget section */

/* Begin PBXProject section */
		64E2DB6A2A9678F0006FBF0D /* Project object */ = {
			isa = PBXProject;
			attributes = {
				BuildIndependentTargetsInParallel = 1;
				LastSwiftUpdateCheck = 1430;
				LastUpgradeCheck = 1430;
				TargetAttributes = {
					64E2DB712A9678F0006FBF0D = {
						CreatedOnToolsVersion = 14.3.1;
					};
				};
			};
			buildConfigurationList = 64E2DB6D2A9678F0006FBF0D /* Build configuration list for PBXProject "NewsApp" */;
			compatibilityVersion = "Xcode 14.0";
			developmentRegion = en;
			hasScannedForEncodings = 0;
			knownRegions = (
				en,
				Base,
			);
			mainGroup = 64E2DB692A9678F0006FBF0D;
			packageReferences = (
				64D25F2C2A977D0B005159ED /* XCRemoteSwiftPackageReference "SnapKit" */,
				64D25F2F2A9783F9005159ED /* XCRemoteSwiftPackageReference "Alamofire" */,
				64D25F322A978BD5005159ED /* XCRemoteSwiftPackageReference "SDWebImage" */,
			);
			productRefGroup = 64E2DB732A9678F0006FBF0D /* Products */;
			projectDirPath = "";
			projectRoot = "";
			targets = (
				64E2DB712A9678F0006FBF0D /* NewsApp */,
			);
		};
/* End PBXProject section */

/* Begin PBXResourcesBuildPhase section */
		64E2DB702A9678F0006FBF0D /* Resources */ = {
			isa = PBXResourcesBuildPhase;
			buildActionMask = 2147483647;
			files = (
				64E2DB822A9678F2006FBF0D /* LaunchScreen.storyboard in Resources */,
				64E2DB7F2A9678F2006FBF0D /* Assets.xcassets in Resources */,
			);
			runOnlyForDeploymentPostprocessing = 0;
		};
/* End PBXResourcesBuildPhase section */

/* Begin PBXSourcesBuildPhase section */
		64E2DB6E2A9678F0006FBF0D /* Sources */ = {
			isa = PBXSourcesBuildPhase;
			buildActionMask = 2147483647;
			files = (
				64E2DB962A9684CB006FBF0D /* NewsModel.swift in Sources */,
				64E2DB992A96860B006FBF0D /* FetchManager.swift in Sources */,
				64E2DB7A2A9678F0006FBF0D /* NewsFeedViewController.swift in Sources */,
				6409BAA22A99191100E5A3F4 /* SearchViewController.swift in Sources */,
				64E2DB8D2A9681C9006FBF0D /* UIColor + Extension.swift in Sources */,
				64E2DB762A9678F0006FBF0D /* AppDelegate.swift in Sources */,
				64E2DB782A9678F0006FBF0D /* SceneDelegate.swift in Sources */,
				64E2DB902A968321006FBF0D /* NewsCell.swift in Sources */,
				6409BAA02A99007A00E5A3F4 /* NewsViewController.swift in Sources */,
			);
			runOnlyForDeploymentPostprocessing = 0;
		};
/* End PBXSourcesBuildPhase section */

/* Begin PBXVariantGroup section */
		64E2DB802A9678F2006FBF0D /* LaunchScreen.storyboard */ = {
			isa = PBXVariantGroup;
			children = (
				64E2DB812A9678F2006FBF0D /* Base */,
			);
			name = LaunchScreen.storyboard;
			sourceTree = "<group>";
		};
/* End PBXVariantGroup section */

/* Begin XCBuildConfiguration section */
		64E2DB842A9678F2006FBF0D /* Debug */ = {
			isa = XCBuildConfiguration;
			buildSettings = {
				ALWAYS_SEARCH_USER_PATHS = NO;
				CLANG_ANALYZER_NONNULL = YES;
				CLANG_ANALYZER_NUMBER_OBJECT_CONVERSION = YES_AGGRESSIVE;
				CLANG_CXX_LANGUAGE_STANDARD = "gnu++20";
				CLANG_ENABLE_MODULES = YES;
				CLANG_ENABLE_OBJC_ARC = YES;
				CLANG_ENABLE_OBJC_WEAK = YES;
				CLANG_WARN_BLOCK_CAPTURE_AUTORELEASING = YES;
				CLANG_WARN_BOOL_CONVERSION = YES;
				CLANG_WARN_COMMA = YES;
				CLANG_WARN_CONSTANT_CONVERSION = YES;
				CLANG_WARN_DEPRECATED_OBJC_IMPLEMENTATIONS = YES;
				CLANG_WARN_DIRECT_OBJC_ISA_USAGE = YES_ERROR;
				CLANG_WARN_DOCUMENTATION_COMMENTS = YES;
				CLANG_WARN_EMPTY_BODY = YES;
				CLANG_WARN_ENUM_CONVERSION = YES;
				CLANG_WARN_INFINITE_RECURSION = YES;
				CLANG_WARN_INT_CONVERSION = YES;
				CLANG_WARN_NON_LITERAL_NULL_CONVERSION = YES;
				CLANG_WARN_OBJC_IMPLICIT_RETAIN_SELF = YES;
				CLANG_WARN_OBJC_LITERAL_CONVERSION = YES;
				CLANG_WARN_OBJC_ROOT_CLASS = YES_ERROR;
				CLANG_WARN_QUOTED_INCLUDE_IN_FRAMEWORK_HEADER = YES;
				CLANG_WARN_RANGE_LOOP_ANALYSIS = YES;
				CLANG_WARN_STRICT_PROTOTYPES = YES;
				CLANG_WARN_SUSPICIOUS_MOVE = YES;
				CLANG_WARN_UNGUARDED_AVAILABILITY = YES_AGGRESSIVE;
				CLANG_WARN_UNREACHABLE_CODE = YES;
				CLANG_WARN__DUPLICATE_METHOD_MATCH = YES;
				COPY_PHASE_STRIP = NO;
				DEBUG_INFORMATION_FORMAT = dwarf;
				ENABLE_STRICT_OBJC_MSGSEND = YES;
				ENABLE_TESTABILITY = YES;
				GCC_C_LANGUAGE_STANDARD = gnu11;
				GCC_DYNAMIC_NO_PIC = NO;
				GCC_NO_COMMON_BLOCKS = YES;
				GCC_OPTIMIZATION_LEVEL = 0;
				GCC_PREPROCESSOR_DEFINITIONS = (
					"DEBUG=1",
					"$(inherited)",
				);
				GCC_WARN_64_TO_32_BIT_CONVERSION = YES;
				GCC_WARN_ABOUT_RETURN_TYPE = YES_ERROR;
				GCC_WARN_UNDECLARED_SELECTOR = YES;
				GCC_WARN_UNINITIALIZED_AUTOS = YES_AGGRESSIVE;
				GCC_WARN_UNUSED_FUNCTION = YES;
				GCC_WARN_UNUSED_VARIABLE = YES;
				IPHONEOS_DEPLOYMENT_TARGET = 16.4;
				MTL_ENABLE_DEBUG_INFO = INCLUDE_SOURCE;
				MTL_FAST_MATH = YES;
				ONLY_ACTIVE_ARCH = YES;
				SDKROOT = iphoneos;
				SWIFT_ACTIVE_COMPILATION_CONDITIONS = DEBUG;
				SWIFT_OPTIMIZATION_LEVEL = "-Onone";
			};
			name = Debug;
		};
		64E2DB852A9678F2006FBF0D /* Release */ = {
			isa = XCBuildConfiguration;
			buildSettings = {
				ALWAYS_SEARCH_USER_PATHS = NO;
				CLANG_ANALYZER_NONNULL = YES;
				CLANG_ANALYZER_NUMBER_OBJECT_CONVERSION = YES_AGGRESSIVE;
				CLANG_CXX_LANGUAGE_STANDARD = "gnu++20";
				CLANG_ENABLE_MODULES = YES;
				CLANG_ENABLE_OBJC_ARC = YES;
				CLANG_ENABLE_OBJC_WEAK = YES;
				CLANG_WARN_BLOCK_CAPTURE_AUTORELEASING = YES;
				CLANG_WARN_BOOL_CONVERSION = YES;
				CLANG_WARN_COMMA = YES;
				CLANG_WARN_CONSTANT_CONVERSION = YES;
				CLANG_WARN_DEPRECATED_OBJC_IMPLEMENTATIONS = YES;
				CLANG_WARN_DIRECT_OBJC_ISA_USAGE = YES_ERROR;
				CLANG_WARN_DOCUMENTATION_COMMENTS = YES;
				CLANG_WARN_EMPTY_BODY = YES;
				CLANG_WARN_ENUM_CONVERSION = YES;
				CLANG_WARN_INFINITE_RECURSION = YES;
				CLANG_WARN_INT_CONVERSION = YES;
				CLANG_WARN_NON_LITERAL_NULL_CONVERSION = YES;
				CLANG_WARN_OBJC_IMPLICIT_RETAIN_SELF = YES;
				CLANG_WARN_OBJC_LITERAL_CONVERSION = YES;
				CLANG_WARN_OBJC_ROOT_CLASS = YES_ERROR;
				CLANG_WARN_QUOTED_INCLUDE_IN_FRAMEWORK_HEADER = YES;
				CLANG_WARN_RANGE_LOOP_ANALYSIS = YES;
				CLANG_WARN_STRICT_PROTOTYPES = YES;
				CLANG_WARN_SUSPICIOUS_MOVE = YES;
				CLANG_WARN_UNGUARDED_AVAILABILITY = YES_AGGRESSIVE;
				CLANG_WARN_UNREACHABLE_CODE = YES;
				CLANG_WARN__DUPLICATE_METHOD_MATCH = YES;
				COPY_PHASE_STRIP = NO;
				DEBUG_INFORMATION_FORMAT = "dwarf-with-dsym";
				ENABLE_NS_ASSERTIONS = NO;
				ENABLE_STRICT_OBJC_MSGSEND = YES;
				GCC_C_LANGUAGE_STANDARD = gnu11;
				GCC_NO_COMMON_BLOCKS = YES;
				GCC_WARN_64_TO_32_BIT_CONVERSION = YES;
				GCC_WARN_ABOUT_RETURN_TYPE = YES_ERROR;
				GCC_WARN_UNDECLARED_SELECTOR = YES;
				GCC_WARN_UNINITIALIZED_AUTOS = YES_AGGRESSIVE;
				GCC_WARN_UNUSED_FUNCTION = YES;
				GCC_WARN_UNUSED_VARIABLE = YES;
				IPHONEOS_DEPLOYMENT_TARGET = 16.4;
				MTL_ENABLE_DEBUG_INFO = NO;
				MTL_FAST_MATH = YES;
				SDKROOT = iphoneos;
				SWIFT_COMPILATION_MODE = wholemodule;
				SWIFT_OPTIMIZATION_LEVEL = "-O";
				VALIDATE_PRODUCT = YES;
			};
			name = Release;
		};
		64E2DB872A9678F2006FBF0D /* Debug */ = {
			isa = XCBuildConfiguration;
			buildSettings = {
				ASSETCATALOG_COMPILER_APPICON_NAME = AppIcon;
				ASSETCATALOG_COMPILER_GLOBAL_ACCENT_COLOR_NAME = AccentColor;
				CODE_SIGN_STYLE = Automatic;
				CURRENT_PROJECT_VERSION = 1;
				DEVELOPMENT_TEAM = V8ALJCTXD3;
				GENERATE_INFOPLIST_FILE = YES;
				INFOPLIST_FILE = NewsApp/Info.plist;
				INFOPLIST_KEY_UIApplicationSupportsIndirectInputEvents = YES;
				INFOPLIST_KEY_UILaunchStoryboardName = LaunchScreen;
				INFOPLIST_KEY_UISupportedInterfaceOrientations_iPad = "UIInterfaceOrientationPortrait UIInterfaceOrientationPortraitUpsideDown UIInterfaceOrientationLandscapeLeft UIInterfaceOrientationLandscapeRight";
				INFOPLIST_KEY_UISupportedInterfaceOrientations_iPhone = "UIInterfaceOrientationPortrait UIInterfaceOrientationLandscapeLeft UIInterfaceOrientationLandscapeRight";
				LD_RUNPATH_SEARCH_PATHS = (
					"$(inherited)",
					"@executable_path/Frameworks",
				);
				MARKETING_VERSION = 1.0;
				PRODUCT_BUNDLE_IDENTIFIER = ClownTeam.NewsApp;
				PRODUCT_NAME = "$(TARGET_NAME)";
				SWIFT_EMIT_LOC_STRINGS = YES;
				SWIFT_VERSION = 5.0;
				TARGETED_DEVICE_FAMILY = "1,2";
			};
			name = Debug;
		};
		64E2DB882A9678F2006FBF0D /* Release */ = {
			isa = XCBuildConfiguration;
			buildSettings = {
				ASSETCATALOG_COMPILER_APPICON_NAME = AppIcon;
				ASSETCATALOG_COMPILER_GLOBAL_ACCENT_COLOR_NAME = AccentColor;
				CODE_SIGN_STYLE = Automatic;
				CURRENT_PROJECT_VERSION = 1;
				DEVELOPMENT_TEAM = V8ALJCTXD3;
				GENERATE_INFOPLIST_FILE = YES;
				INFOPLIST_FILE = NewsApp/Info.plist;
				INFOPLIST_KEY_UIApplicationSupportsIndirectInputEvents = YES;
				INFOPLIST_KEY_UILaunchStoryboardName = LaunchScreen;
				INFOPLIST_KEY_UISupportedInterfaceOrientations_iPad = "UIInterfaceOrientationPortrait UIInterfaceOrientationPortraitUpsideDown UIInterfaceOrientationLandscapeLeft UIInterfaceOrientationLandscapeRight";
				INFOPLIST_KEY_UISupportedInterfaceOrientations_iPhone = "UIInterfaceOrientationPortrait UIInterfaceOrientationLandscapeLeft UIInterfaceOrientationLandscapeRight";
				LD_RUNPATH_SEARCH_PATHS = (
					"$(inherited)",
					"@executable_path/Frameworks",
				);
				MARKETING_VERSION = 1.0;
				PRODUCT_BUNDLE_IDENTIFIER = ClownTeam.NewsApp;
				PRODUCT_NAME = "$(TARGET_NAME)";
				SWIFT_EMIT_LOC_STRINGS = YES;
				SWIFT_VERSION = 5.0;
				TARGETED_DEVICE_FAMILY = "1,2";
			};
			name = Release;
		};
/* End XCBuildConfiguration section */

/* Begin XCConfigurationList section */
		64E2DB6D2A9678F0006FBF0D /* Build configuration list for PBXProject "NewsApp" */ = {
			isa = XCConfigurationList;
			buildConfigurations = (
				64E2DB842A9678F2006FBF0D /* Debug */,
				64E2DB852A9678F2006FBF0D /* Release */,
			);
			defaultConfigurationIsVisible = 0;
			defaultConfigurationName = Release;
		};
		64E2DB862A9678F2006FBF0D /* Build configuration list for PBXNativeTarget "NewsApp" */ = {
			isa = XCConfigurationList;
			buildConfigurations = (
				64E2DB872A9678F2006FBF0D /* Debug */,
				64E2DB882A9678F2006FBF0D /* Release */,
			);
			defaultConfigurationIsVisible = 0;
			defaultConfigurationName = Release;
		};
/* End XCConfigurationList section */

/* Begin XCRemoteSwiftPackageReference section */
		64D25F2C2A977D0B005159ED /* XCRemoteSwiftPackageReference "SnapKit" */ = {
			isa = XCRemoteSwiftPackageReference;
			repositoryURL = "https://github.com/SnapKit/SnapKit.git";
			requirement = {
				kind = upToNextMajorVersion;
				minimumVersion = 5.0.0;
			};
		};
		64D25F2F2A9783F9005159ED /* XCRemoteSwiftPackageReference "Alamofire" */ = {
			isa = XCRemoteSwiftPackageReference;
			repositoryURL = "https://github.com/Alamofire/Alamofire.git";
			requirement = {
				kind = upToNextMajorVersion;
				minimumVersion = 5.0.0;
			};
		};
		64D25F322A978BD5005159ED /* XCRemoteSwiftPackageReference "SDWebImage" */ = {
			isa = XCRemoteSwiftPackageReference;
			repositoryURL = "https://github.com/SDWebImage/SDWebImage";
			requirement = {
				kind = upToNextMajorVersion;
				minimumVersion = 5.0.0;
			};
		};
/* End XCRemoteSwiftPackageReference section */

/* Begin XCSwiftPackageProductDependency section */
		64D25F2D2A977D0B005159ED /* SnapKit */ = {
			isa = XCSwiftPackageProductDependency;
			package = 64D25F2C2A977D0B005159ED /* XCRemoteSwiftPackageReference "SnapKit" */;
			productName = SnapKit;
		};
		64D25F302A9783F9005159ED /* Alamofire */ = {
			isa = XCSwiftPackageProductDependency;
			package = 64D25F2F2A9783F9005159ED /* XCRemoteSwiftPackageReference "Alamofire" */;
			productName = Alamofire;
		};
		64D25F332A978BD5005159ED /* SDWebImage */ = {
			isa = XCSwiftPackageProductDependency;
			package = 64D25F322A978BD5005159ED /* XCRemoteSwiftPackageReference "SDWebImage" */;
			productName = SDWebImage;
		};
/* End XCSwiftPackageProductDependency section */
	};
	rootObject = 64E2DB6A2A9678F0006FBF0D /* Project object */;
}
